
Microsoft Visual Studio Solution File, Format Version 11.00
# Visual Studio 2010
Project("{8BC9CEB8-8B4A-11D0-8D11-00A0C91BC942}") = "doubleToTimeStamp", "doubleToTimeStamp\doubleToTimeStamp.vcxproj", "{CB5A9E03-8506-43B8-9C64-0824A6FA430A}"
EndProject
Global
	GlobalSection(SolutionConfigurationPlatforms) = preSolution
		Debug|Win32 = Debug|Win32
		Release|Win32 = Release|Win32
	EndGlobalSection
	GlobalSection(ProjectConfigurationPlatforms) = postSolution
		{CB5A9E03-8506-43B8-9C64-0824A6FA430A}.Debug|Win32.ActiveCfg = Debug|Win32
		{CB5A9E03-8506-43B8-9C64-0824A6FA430A}.Debug|Win32.Build.0 = Debug|Win32
		{CB5A9E03-8506-43B8-9C64-0824A6FA430A}.Release|Win32.ActiveCfg = Release|Win32
		{CB5A9E03-8506-43B8-9C64-0824A6FA430A}.Release|Win32.Build.0 = Release|Win32
	EndGlobalSection
	GlobalSection(SolutionProperties) = preSolution
		HideSolutionNode = FALSE
	EndGlobalSection
EndGlobal
