
Microsoft Visual Studio Solution File, Format Version 12.00
# Visual Studio 2012
Project("{8BC9CEB8-8B4A-11D0-8D11-00A0C91BC942}") = "Win32CRegKey", "Win32CRegKey\Win32CRegKey.vcxproj", "{E723EA86-DEC9-424E-AA3D-8BBA4CD46ACE}"
EndProject
Global
	GlobalSection(SolutionConfigurationPlatforms) = preSolution
		Debug|Win32 = Debug|Win32
		Release|Win32 = Release|Win32
	EndGlobalSection
	GlobalSection(ProjectConfigurationPlatforms) = postSolution
		{E723EA86-DEC9-424E-AA3D-8BBA4CD46ACE}.Debug|Win32.ActiveCfg = Debug|Win32
		{E723EA86-DEC9-424E-AA3D-8BBA4CD46ACE}.Debug|Win32.Build.0 = Debug|Win32
		{E723EA86-DEC9-424E-AA3D-8BBA4CD46ACE}.Release|Win32.ActiveCfg = Release|Win32
		{E723EA86-DEC9-424E-AA3D-8BBA4CD46ACE}.Release|Win32.Build.0 = Release|Win32
	EndGlobalSection
	GlobalSection(SolutionProperties) = preSolution
		HideSolutionNode = FALSE
	EndGlobalSection
EndGlobal
