
Microsoft Visual Studio Solution File, Format Version 12.00
# Visual Studio 2012
Project("{8BC9CEB8-8B4A-11D0-8D11-00A0C91BC942}") = "Crash_Sample2", "Crash_Sample2\Crash_Sample2.vcxproj", "{671C67AE-8BDA-41F7-8DF1-C28E1B575CCE}"
EndProject
Global
	GlobalSection(SolutionConfigurationPlatforms) = preSolution
		Debug|Win32 = Debug|Win32
		Release|Win32 = Release|Win32
	EndGlobalSection
	GlobalSection(ProjectConfigurationPlatforms) = postSolution
		{671C67AE-8BDA-41F7-8DF1-C28E1B575CCE}.Debug|Win32.ActiveCfg = Debug|Win32
		{671C67AE-8BDA-41F7-8DF1-C28E1B575CCE}.Debug|Win32.Build.0 = Debug|Win32
		{671C67AE-8BDA-41F7-8DF1-C28E1B575CCE}.Release|Win32.ActiveCfg = Release|Win32
		{671C67AE-8BDA-41F7-8DF1-C28E1B575CCE}.Release|Win32.Build.0 = Release|Win32
	EndGlobalSection
	GlobalSection(SolutionProperties) = preSolution
		HideSolutionNode = FALSE
	EndGlobalSection
EndGlobal
