
Microsoft Visual Studio Solution File, Format Version 11.00
# Visual Studio 2010
Project("{8BC9CEB8-8B4A-11D0-8D11-00A0C91BC942}") = "ClassExample1", "ClassExample1\ClassExample1.vcxproj", "{9BE3B55F-913E-4AED-8F92-1CCCF13C9167}"
EndProject
Global
	GlobalSection(SolutionConfigurationPlatforms) = preSolution
		Debug|Win32 = Debug|Win32
		Release|Win32 = Release|Win32
	EndGlobalSection
	GlobalSection(ProjectConfigurationPlatforms) = postSolution
		{9BE3B55F-913E-4AED-8F92-1CCCF13C9167}.Debug|Win32.ActiveCfg = Debug|Win32
		{9BE3B55F-913E-4AED-8F92-1CCCF13C9167}.Debug|Win32.Build.0 = Debug|Win32
		{9BE3B55F-913E-4AED-8F92-1CCCF13C9167}.Release|Win32.ActiveCfg = Release|Win32
		{9BE3B55F-913E-4AED-8F92-1CCCF13C9167}.Release|Win32.Build.0 = Release|Win32
	EndGlobalSection
	GlobalSection(SolutionProperties) = preSolution
		HideSolutionNode = FALSE
	EndGlobalSection
EndGlobal
