
Microsoft Visual Studio Solution File, Format Version 12.00
# Visual Studio 2012
Project("{8BC9CEB8-8B4A-11D0-8D11-00A0C91BC942}") = "Win32Project2", "Win32Project2\Win32Project2.vcxproj", "{F308A7CB-90B5-405E-9630-57FC5B855DD9}"
EndProject
Global
	GlobalSection(SolutionConfigurationPlatforms) = preSolution
		Debug|Win32 = Debug|Win32
		Release|Win32 = Release|Win32
	EndGlobalSection
	GlobalSection(ProjectConfigurationPlatforms) = postSolution
		{F308A7CB-90B5-405E-9630-57FC5B855DD9}.Debug|Win32.ActiveCfg = Debug|Win32
		{F308A7CB-90B5-405E-9630-57FC5B855DD9}.Debug|Win32.Build.0 = Debug|Win32
		{F308A7CB-90B5-405E-9630-57FC5B855DD9}.Release|Win32.ActiveCfg = Release|Win32
		{F308A7CB-90B5-405E-9630-57FC5B855DD9}.Release|Win32.Build.0 = Release|Win32
	EndGlobalSection
	GlobalSection(SolutionProperties) = preSolution
		HideSolutionNode = FALSE
	EndGlobalSection
EndGlobal
