
Microsoft Visual Studio Solution File, Format Version 11.00
# Visual Studio 2010
Project("{8BC9CEB8-8B4A-11D0-8D11-00A0C91BC942}") = "GitHubWin32", "GitHubWin32\GitHubWin32.vcxproj", "{12C547CF-76D8-4528-A171-775491A78009}"
EndProject
Global
	GlobalSection(SolutionConfigurationPlatforms) = preSolution
		Debug|Win32 = Debug|Win32
		Release|Win32 = Release|Win32
	EndGlobalSection
	GlobalSection(ProjectConfigurationPlatforms) = postSolution
		{12C547CF-76D8-4528-A171-775491A78009}.Debug|Win32.ActiveCfg = Debug|Win32
		{12C547CF-76D8-4528-A171-775491A78009}.Debug|Win32.Build.0 = Debug|Win32
		{12C547CF-76D8-4528-A171-775491A78009}.Release|Win32.ActiveCfg = Release|Win32
		{12C547CF-76D8-4528-A171-775491A78009}.Release|Win32.Build.0 = Release|Win32
	EndGlobalSection
	GlobalSection(SolutionProperties) = preSolution
		HideSolutionNode = FALSE
	EndGlobalSection
EndGlobal
