
Microsoft Visual Studio Solution File, Format Version 11.00
# Visual Studio 2010
Project("{8BC9CEB8-8B4A-11D0-8D11-00A0C91BC942}") = "COledateTimeFormat", "COledateTimeFormat\COledateTimeFormat.vcxproj", "{34C9B7E8-D100-46BE-A4F9-6E0D106E485E}"
EndProject
Global
	GlobalSection(SolutionConfigurationPlatforms) = preSolution
		Debug|Win32 = Debug|Win32
		Release|Win32 = Release|Win32
	EndGlobalSection
	GlobalSection(ProjectConfigurationPlatforms) = postSolution
		{34C9B7E8-D100-46BE-A4F9-6E0D106E485E}.Debug|Win32.ActiveCfg = Debug|Win32
		{34C9B7E8-D100-46BE-A4F9-6E0D106E485E}.Debug|Win32.Build.0 = Debug|Win32
		{34C9B7E8-D100-46BE-A4F9-6E0D106E485E}.Release|Win32.ActiveCfg = Release|Win32
		{34C9B7E8-D100-46BE-A4F9-6E0D106E485E}.Release|Win32.Build.0 = Release|Win32
	EndGlobalSection
	GlobalSection(SolutionProperties) = preSolution
		HideSolutionNode = FALSE
	EndGlobalSection
EndGlobal
