
Microsoft Visual Studio Solution File, Format Version 11.00
# Visual Studio 2010
Project("{8BC9CEB8-8B4A-11D0-8D11-00A0C91BC942}") = "jsoncpp", "jsoncpp\jsoncpp.vcxproj", "{5B04B68D-4B7C-4E19-88CA-6F1F4D1FD64A}"
EndProject
Global
	GlobalSection(SolutionConfigurationPlatforms) = preSolution
		Debug|Win32 = Debug|Win32
		Release|Win32 = Release|Win32
	EndGlobalSection
	GlobalSection(ProjectConfigurationPlatforms) = postSolution
		{5B04B68D-4B7C-4E19-88CA-6F1F4D1FD64A}.Debug|Win32.ActiveCfg = Debug|Win32
		{5B04B68D-4B7C-4E19-88CA-6F1F4D1FD64A}.Debug|Win32.Build.0 = Debug|Win32
		{5B04B68D-4B7C-4E19-88CA-6F1F4D1FD64A}.Release|Win32.ActiveCfg = Release|Win32
		{5B04B68D-4B7C-4E19-88CA-6F1F4D1FD64A}.Release|Win32.Build.0 = Release|Win32
	EndGlobalSection
	GlobalSection(SolutionProperties) = preSolution
		HideSolutionNode = FALSE
	EndGlobalSection
EndGlobal
