
Microsoft Visual Studio Solution File, Format Version 12.00
# Visual Studio 2012
Project("{8BC9CEB8-8B4A-11D0-8D11-00A0C91BC942}") = "Win32getHostname", "Win32getHostname\Win32getHostname.vcxproj", "{8611DC6C-FA82-4E85-B17F-F159CADD5E60}"
EndProject
Global
	GlobalSection(SolutionConfigurationPlatforms) = preSolution
		Debug|Win32 = Debug|Win32
		Release|Win32 = Release|Win32
	EndGlobalSection
	GlobalSection(ProjectConfigurationPlatforms) = postSolution
		{8611DC6C-FA82-4E85-B17F-F159CADD5E60}.Debug|Win32.ActiveCfg = Debug|Win32
		{8611DC6C-FA82-4E85-B17F-F159CADD5E60}.Debug|Win32.Build.0 = Debug|Win32
		{8611DC6C-FA82-4E85-B17F-F159CADD5E60}.Release|Win32.ActiveCfg = Release|Win32
		{8611DC6C-FA82-4E85-B17F-F159CADD5E60}.Release|Win32.Build.0 = Release|Win32
	EndGlobalSection
	GlobalSection(SolutionProperties) = preSolution
		HideSolutionNode = FALSE
	EndGlobalSection
EndGlobal
